
Microsoft Visual Studio Solution File, Format Version 12.00
# Visual Studio Version 17
VisualStudioVersion = 17.9.34714.143
MinimumVisualStudioVersion = 10.0.40219.1
Project("{9A19103F-16F7-4668-BE54-9A1E7A4F7556}") = "HIOF.Hast.HARB.Gui", "HIOF.Hast.HARB.Gui.csproj", "{EC53B938-8C41-4710-BDF3-8DD378015EC0}"
EndProject
Project("{9A19103F-16F7-4668-BE54-9A1E7A4F7556}") = "HIOF.Hast.HARB.Framework", "..\HIOF.Hast.HARB\HIOF.Hast.HARB.Framework\HIOF.Hast.HARB.Framework.csproj", "{12B60665-0774-4E7F-8DDE-2C7FB8AC3F67}"
EndProject
Global
	GlobalSection(SolutionConfigurationPlatforms) = preSolution
		Debug|Any CPU = Debug|Any CPU
		Release|Any CPU = Release|Any CPU
	EndGlobalSection
	GlobalSection(ProjectConfigurationPlatforms) = postSolution
		{EC53B938-8C41-4710-BDF3-8DD378015EC0}.Debug|Any CPU.ActiveCfg = Debug|Any CPU
		{EC53B938-8C41-4710-BDF3-8DD378015EC0}.Debug|Any CPU.Build.0 = Debug|Any CPU
		{EC53B938-8C41-4710-BDF3-8DD378015EC0}.Release|Any CPU.ActiveCfg = Release|Any CPU
		{EC53B938-8C41-4710-BDF3-8DD378015EC0}.Release|Any CPU.Build.0 = Release|Any CPU
		{12B60665-0774-4E7F-8DDE-2C7FB8AC3F67}.Debug|Any CPU.ActiveCfg = Debug|Any CPU
		{12B60665-0774-4E7F-8DDE-2C7FB8AC3F67}.Debug|Any CPU.Build.0 = Debug|Any CPU
		{12B60665-0774-4E7F-8DDE-2C7FB8AC3F67}.Release|Any CPU.ActiveCfg = Release|Any CPU
		{12B60665-0774-4E7F-8DDE-2C7FB8AC3F67}.Release|Any CPU.Build.0 = Release|Any CPU
	EndGlobalSection
	GlobalSection(SolutionProperties) = preSolution
		HideSolutionNode = FALSE
	EndGlobalSection
	GlobalSection(ExtensibilityGlobals) = postSolution
		SolutionGuid = {BBA0127D-1874-4829-B158-4B5E7FF339BB}
	EndGlobalSection
EndGlobal
