
Microsoft Visual Studio Solution File, Format Version 12.00
# Visual Studio Version 17
VisualStudioVersion = 17.8.34511.84
MinimumVisualStudioVersion = 10.0.40219.1
Project("{FAE04EC0-301F-11D3-BF4B-00C04F79EFBC}") = "HIOF.Hast.HARB.Framework", "HIOF.Hast.HARB.Framework\HIOF.Hast.HARB.Framework.csproj", "{F3C41276-3777-4F5F-9E07-2FD32376AFC3}"
EndProject
Project("{FAE04EC0-301F-11D3-BF4B-00C04F79EFBC}") = "HIOF.Hast.HARB.FrameworkImplementation", "HIOF.Hast.HARB.FrameworkImplementation\HIOF.Hast.HARB.FrameworkImplementation.csproj", "{5F6A2EDE-272A-41A8-AC66-12CB8876BAD0}"
EndProject
Global
	GlobalSection(SolutionConfigurationPlatforms) = preSolution
		Debug|Any CPU = Debug|Any CPU
		Release|Any CPU = Release|Any CPU
	EndGlobalSection
	GlobalSection(ProjectConfigurationPlatforms) = postSolution
		{F3C41276-3777-4F5F-9E07-2FD32376AFC3}.Debug|Any CPU.ActiveCfg = Debug|Any CPU
		{F3C41276-3777-4F5F-9E07-2FD32376AFC3}.Debug|Any CPU.Build.0 = Debug|Any CPU
		{F3C41276-3777-4F5F-9E07-2FD32376AFC3}.Release|Any CPU.ActiveCfg = Release|Any CPU
		{F3C41276-3777-4F5F-9E07-2FD32376AFC3}.Release|Any CPU.Build.0 = Release|Any CPU
		{5F6A2EDE-272A-41A8-AC66-12CB8876BAD0}.Debug|Any CPU.ActiveCfg = Debug|Any CPU
		{5F6A2EDE-272A-41A8-AC66-12CB8876BAD0}.Debug|Any CPU.Build.0 = Debug|Any CPU
		{5F6A2EDE-272A-41A8-AC66-12CB8876BAD0}.Release|Any CPU.ActiveCfg = Release|Any CPU
		{5F6A2EDE-272A-41A8-AC66-12CB8876BAD0}.Release|Any CPU.Build.0 = Release|Any CPU
	EndGlobalSection
	GlobalSection(SolutionProperties) = preSolution
		HideSolutionNode = FALSE
	EndGlobalSection
	GlobalSection(ExtensibilityGlobals) = postSolution
		SolutionGuid = {3682C23E-0F3A-4DCA-9511-B9C72DB3548A}
	EndGlobalSection
EndGlobal
